// !$*UTF8*$!
{
	archiveVersion = 1;
	classes = {
	};
	objectVersion = 56;
	objects = {

/* Begin PBXBuildFile section */
		04E52CA82F0D2625363C6DC9 /* awsconfiguration.json in Resources */ = {isa = PBXBuildFile; fileRef = 4C52EE9D3594EB4E5E0EA3AE /* awsconfiguration.json */; };
		1B1163DC6CCB70EF3A4FEDAF /* Note+Schema.swift in Sources */ = {isa = PBXBuildFile; fileRef = 9778D83C156E246D6DB6D73E /* Note+Schema.swift */; };
		69C29A6D85AB4AA49570C3C5 /* amplifyconfiguration.json in Resources */ = {isa = PBXBuildFile; fileRef = AF6710ACC41ABB247E1170F1 /* amplifyconfiguration.json */; };
		C343121BD1329958F84F5910 /* Note.swift in Sources */ = {isa = PBXBuildFile; fileRef = 696CCB6AE203439EFA53A868 /* Note.swift */; };
		C50D8DD761FAAC0DA81F9EA3 /* AmplifyModels.swift in Sources */ = {isa = PBXBuildFile; fileRef = 1DEBA923C1BCA682D97A51F6 /* AmplifyModels.swift */; };
		F29C282C2BA7C6C4003F146D /* GettingStartedApp.swift in Sources */ = {isa = PBXBuildFile; fileRef = F29C282B2BA7C6C4003F146D /* GettingStartedApp.swift */; };
		F29C282E2BA7C6C4003F146D /* ContentView.swift in Sources */ = {isa = PBXBuildFile; fileRef = F29C282D2BA7C6C4003F146D /* ContentView.swift */; };
		F29C28302BA7C6C6003F146D /* Assets.xcassets in Resources */ = {isa = PBXBuildFile; fileRef = F29C282F2BA7C6C6003F146D /* Assets.xcassets */; };
		F29C28332BA7C6C6003F146D /* Preview Assets.xcassets in Resources */ = {isa = PBXBuildFile; fileRef = F29C28322BA7C6C6003F146D /* Preview Assets.xcassets */; };
		F29C283E2BA7C72E003F146D /* NotesView.swift in Sources */ = {isa = PBXBuildFile; fileRef = F29C283D2BA7C72E003F146D /* NotesView.swift */; };
		F29C28402BA7C747003F146D /* NoteView.swift in Sources */ = {isa = PBXBuildFile; fileRef = F29C283F2BA7C747003F146D /* NoteView.swift */; };
		F29C28452BA7D44B003F146D /* Amplify in Frameworks */ = {isa = PBXBuildFile; productRef = F29C28442BA7D44B003F146D /* Amplify */; };
		F29C28482BA7DC72003F146D /* AWSCognitoAuthPlugin in Frameworks */ = {isa = PBXBuildFile; productRef = F29C28472BA7DC72003F146D /* AWSCognitoAuthPlugin */; };
		F29C284B2BA7DCCA003F146D /* AuthenticationService.swift in Sources */ = {isa = PBXBuildFile; fileRef = F29C284A2BA7DCCA003F146D /* AuthenticationService.swift */; };
		F29C284D2BA7DCE5003F146D /* LandingView.swift in Sources */ = {isa = PBXBuildFile; fileRef = F29C284C2BA7DCE5003F146D /* LandingView.swift */; };
		F29C28522BA867BB003F146D /* AWSAPIPlugin in Frameworks */ = {isa = PBXBuildFile; productRef = F29C28512BA867BB003F146D /* AWSAPIPlugin */; };
		F29C28542BA86909003F146D /* NotesService.swift in Sources */ = {isa = PBXBuildFile; fileRef = F29C28532BA86909003F146D /* NotesService.swift */; };
		F29C28562BA8695A003F146D /* SaveNoteView.swift in Sources */ = {isa = PBXBuildFile; fileRef = F29C28552BA8695A003F146D /* SaveNoteView.swift */; };
		F29C28582BA86BCD003F146D /* AWSS3StoragePlugin in Frameworks */ = {isa = PBXBuildFile; productRef = F29C28572BA86BCD003F146D /* AWSS3StoragePlugin */; };
		F29C285A2BA86C22003F146D /* StorageService.swift in Sources */ = {isa = PBXBuildFile; fileRef = F29C28592BA86C22003F146D /* StorageService.swift */; };
		F29C285C2BA86C5D003F146D /* RemoteImage.swift in Sources */ = {isa = PBXBuildFile; fileRef = F29C285B2BA86C5D003F146D /* RemoteImage.swift */; };
		F29C285E2BA86D0B003F146D /* PicturePicker.swift in Sources */ = {isa = PBXBuildFile; fileRef = F29C285D2BA86D0B003F146D /* PicturePicker.swift */; };
/* End PBXBuildFile section */

/* Begin PBXFileReference section */
		1DEBA923C1BCA682D97A51F6 /* AmplifyModels.swift */ = {isa = PBXFileReference; explicitFileType = sourcecode.swift; name = AmplifyModels.swift; path = amplify/generated/models/AmplifyModels.swift; sourceTree = "<group>"; };
		4C52EE9D3594EB4E5E0EA3AE /* awsconfiguration.json */ = {isa = PBXFileReference; explicitFileType = text.json; path = awsconfiguration.json; sourceTree = "<group>"; };
		696CCB6AE203439EFA53A868 /* Note.swift */ = {isa = PBXFileReference; explicitFileType = sourcecode.swift; name = Note.swift; path = amplify/generated/models/Note.swift; sourceTree = "<group>"; };
		9778D83C156E246D6DB6D73E /* Note+Schema.swift */ = {isa = PBXFileReference; explicitFileType = sourcecode.swift; name = "Note+Schema.swift"; path = "amplify/generated/models/Note+Schema.swift"; sourceTree = "<group>"; };
		AF6710ACC41ABB247E1170F1 /* amplifyconfiguration.json */ = {isa = PBXFileReference; explicitFileType = text.json; path = amplifyconfiguration.json; sourceTree = "<group>"; };
		F29C28282BA7C6C4003F146D /* GettingStarted.app */ = {isa = PBXFileReference; explicitFileType = wrapper.application; includeInIndex = 0; path = GettingStarted.app; sourceTree = BUILT_PRODUCTS_DIR; };
		F29C282B2BA7C6C4003F146D /* GettingStartedApp.swift */ = {isa = PBXFileReference; lastKnownFileType = sourcecode.swift; path = GettingStartedApp.swift; sourceTree = "<group>"; };
		F29C282D2BA7C6C4003F146D /* ContentView.swift */ = {isa = PBXFileReference; lastKnownFileType = sourcecode.swift; path = ContentView.swift; sourceTree = "<group>"; };
		F29C282F2BA7C6C6003F146D /* Assets.xcassets */ = {isa = PBXFileReference; lastKnownFileType = folder.assetcatalog; path = Assets.xcassets; sourceTree = "<group>"; };
		F29C28322BA7C6C6003F146D /* Preview Assets.xcassets */ = {isa = PBXFileReference; lastKnownFileType = folder.assetcatalog; path = "Preview Assets.xcassets"; sourceTree = "<group>"; };
		F29C283D2BA7C72E003F146D /* NotesView.swift */ = {isa = PBXFileReference; lastKnownFileType = sourcecode.swift; path = NotesView.swift; sourceTree = "<group>"; };
		F29C283F2BA7C747003F146D /* NoteView.swift */ = {isa = PBXFileReference; lastKnownFileType = sourcecode.swift; path = NoteView.swift; sourceTree = "<group>"; };
		F29C28492BA7DC89003F146D /* Info.plist */ = {isa = PBXFileReference; lastKnownFileType = text.plist; path = Info.plist; sourceTree = "<group>"; };
		F29C284A2BA7DCCA003F146D /* AuthenticationService.swift */ = {isa = PBXFileReference; lastKnownFileType = sourcecode.swift; path = AuthenticationService.swift; sourceTree = "<group>"; };
		F29C284C2BA7DCE5003F146D /* LandingView.swift */ = {isa = PBXFileReference; lastKnownFileType = sourcecode.swift; path = LandingView.swift; sourceTree = "<group>"; };
		F29C28532BA86909003F146D /* NotesService.swift */ = {isa = PBXFileReference; lastKnownFileType = sourcecode.swift; path = NotesService.swift; sourceTree = "<group>"; };
		F29C28552BA8695A003F146D /* SaveNoteView.swift */ = {isa = PBXFileReference; lastKnownFileType = sourcecode.swift; path = SaveNoteView.swift; sourceTree = "<group>"; };
		F29C28592BA86C22003F146D /* StorageService.swift */ = {isa = PBXFileReference; lastKnownFileType = sourcecode.swift; path = StorageService.swift; sourceTree = "<group>"; };
		F29C285B2BA86C5D003F146D /* RemoteImage.swift */ = {isa = PBXFileReference; lastKnownFileType = sourcecode.swift; path = RemoteImage.swift; sourceTree = "<group>"; };
		F29C285D2BA86D0B003F146D /* PicturePicker.swift */ = {isa = PBXFileReference; lastKnownFileType = sourcecode.swift; path = PicturePicker.swift; sourceTree = "<group>"; };
/* End PBXFileReference section */

/* Begin PBXFrameworksBuildPhase section */
		F29C28252BA7C6C4003F146D /* Frameworks */ = {
			isa = PBXFrameworksBuildPhase;
			buildActionMask = 2147483647;
			files = (
				F29C28522BA867BB003F146D /* AWSAPIPlugin in Frameworks */,
				F29C28452BA7D44B003F146D /* Amplify in Frameworks */,
				F29C28482BA7DC72003F146D /* AWSCognitoAuthPlugin in Frameworks */,
				F29C28582BA86BCD003F146D /* AWSS3StoragePlugin in Frameworks */,
			);
			runOnlyForDeploymentPostprocessing = 0;
		};
/* End PBXFrameworksBuildPhase section */

/* Begin PBXGroup section */
		B124DB7A2E8B5A3026C9B153 /* AmplifyConfig */ = {
			isa = PBXGroup;
			children = (
				4C52EE9D3594EB4E5E0EA3AE /* awsconfiguration.json */,
				AF6710ACC41ABB247E1170F1 /* amplifyconfiguration.json */,
			);
			name = AmplifyConfig;
			sourceTree = "<group>";
		};
		F29C281F2BA7C6C4003F146D = {
			isa = PBXGroup;
			children = (
				F29C282A2BA7C6C4003F146D /* GettingStarted */,
				F29C28292BA7C6C4003F146D /* Products */,
				B124DB7A2E8B5A3026C9B153 /* AmplifyConfig */,
				F29C28462BA7DC72003F146D /* Frameworks */,
				F380BA41B0DF283EA2778E3C /* AmplifyModels */,
			);
			sourceTree = "<group>";
		};
		F29C28292BA7C6C4003F146D /* Products */ = {
			isa = PBXGroup;
			children = (
				F29C28282BA7C6C4003F146D /* GettingStarted.app */,
			);
			name = Products;
			sourceTree = "<group>";
		};
		F29C282A2BA7C6C4003F146D /* GettingStarted */ = {
			isa = PBXGroup;
			children = (
				F29C28492BA7DC89003F146D /* Info.plist */,
				F29C282B2BA7C6C4003F146D /* GettingStartedApp.swift */,
				F29C282D2BA7C6C4003F146D /* ContentView.swift */,
				F29C282F2BA7C6C6003F146D /* Assets.xcassets */,
				F29C28312BA7C6C6003F146D /* Preview Content */,
				F29C283D2BA7C72E003F146D /* NotesView.swift */,
				F29C283F2BA7C747003F146D /* NoteView.swift */,
				F29C284A2BA7DCCA003F146D /* AuthenticationService.swift */,
				F29C284C2BA7DCE5003F146D /* LandingView.swift */,
				F29C28532BA86909003F146D /* NotesService.swift */,
				F29C28552BA8695A003F146D /* SaveNoteView.swift */,
				F29C28592BA86C22003F146D /* StorageService.swift */,
				F29C285B2BA86C5D003F146D /* RemoteImage.swift */,
				F29C285D2BA86D0B003F146D /* PicturePicker.swift */,
			);
			path = GettingStarted;
			sourceTree = "<group>";
		};
		F29C28312BA7C6C6003F146D /* Preview Content */ = {
			isa = PBXGroup;
			children = (
				F29C28322BA7C6C6003F146D /* Preview Assets.xcassets */,
			);
			path = "Preview Content";
			sourceTree = "<group>";
		};
		F29C28462BA7DC72003F146D /* Frameworks */ = {
			isa = PBXGroup;
			children = (
			);
			name = Frameworks;
			sourceTree = "<group>";
		};
		F380BA41B0DF283EA2778E3C /* AmplifyModels */ = {
			isa = PBXGroup;
			children = (
				1DEBA923C1BCA682D97A51F6 /* AmplifyModels.swift */,
				9778D83C156E246D6DB6D73E /* Note+Schema.swift */,
				696CCB6AE203439EFA53A868 /* Note.swift */,
			);
			name = AmplifyModels;
			sourceTree = "<group>";
		};
/* End PBXGroup section */

/* Begin PBXNativeTarget section */
		F29C28272BA7C6C4003F146D /* GettingStarted */ = {
			isa = PBXNativeTarget;
			buildConfigurationList = F29C28362BA7C6C6003F146D /* Build configuration list for PBXNativeTarget "GettingStarted" */;
			buildPhases = (
				F29C28242BA7C6C4003F146D /* Sources */,
				F29C28252BA7C6C4003F146D /* Frameworks */,
				F29C28262BA7C6C4003F146D /* Resources */,
			);
			buildRules = (
			);
			dependencies = (
			);
			name = GettingStarted;
			packageProductDependencies = (
				F29C28442BA7D44B003F146D /* Amplify */,
				F29C28472BA7DC72003F146D /* AWSCognitoAuthPlugin */,
				F29C28512BA867BB003F146D /* AWSAPIPlugin */,
				F29C28572BA86BCD003F146D /* AWSS3StoragePlugin */,
			);
			productName = GettingStarted;
			productReference = F29C28282BA7C6C4003F146D /* GettingStarted.app */;
			productType = "com.apple.product-type.application";
		};
/* End PBXNativeTarget section */

/* Begin PBXProject section */
		F29C28202BA7C6C4003F146D /* Project object */ = {
			isa = PBXProject;
			attributes = {
				BuildIndependentTargetsInParallel = 1;
				LastSwiftUpdateCheck = 1510;
				LastUpgradeCheck = 1510;
				TargetAttributes = {
					F29C28272BA7C6C4003F146D = {
						CreatedOnToolsVersion = 15.1;
					};
				};
			};
			buildConfigurationList = F29C28232BA7C6C4003F146D /* Build configuration list for PBXProject "GettingStarted" */;
			compatibilityVersion = "Xcode 14.0";
			developmentRegion = en;
			hasScannedForEncodings = 0;
			knownRegions = (
				en,
				Base,
			);
			mainGroup = F29C281F2BA7C6C4003F146D;
			packageReferences = (
				F29C28432BA7D44B003F146D /* XCRemoteSwiftPackageReference "amplify-swift" */,
			);
			productRefGroup = F29C28292BA7C6C4003F146D /* Products */;
			projectDirPath = "";
			projectRoot = "";
			targets = (
				F29C28272BA7C6C4003F146D /* GettingStarted */,
			);
		};
/* End PBXProject section */

/* Begin PBXResourcesBuildPhase section */
		F29C28262BA7C6C4003F146D /* Resources */ = {
			isa = PBXResourcesBuildPhase;
			buildActionMask = 2147483647;
			files = (
				F29C28332BA7C6C6003F146D /* Preview Assets.xcassets in Resources */,
				F29C28302BA7C6C6003F146D /* Assets.xcassets in Resources */,
				04E52CA82F0D2625363C6DC9 /* awsconfiguration.json in Resources */,
				69C29A6D85AB4AA49570C3C5 /* amplifyconfiguration.json in Resources */,
			);
			runOnlyForDeploymentPostprocessing = 0;
		};
/* End PBXResourcesBuildPhase section */

/* Begin PBXSourcesBuildPhase section */
		F29C28242BA7C6C4003F146D /* Sources */ = {
			isa = PBXSourcesBuildPhase;
			buildActionMask = 2147483647;
			files = (
				F29C285E2BA86D0B003F146D /* PicturePicker.swift in Sources */,
				F29C282E2BA7C6C4003F146D /* ContentView.swift in Sources */,
				F29C285A2BA86C22003F146D /* StorageService.swift in Sources */,
				F29C284D2BA7DCE5003F146D /* LandingView.swift in Sources */,
				F29C28562BA8695A003F146D /* SaveNoteView.swift in Sources */,
				F29C282C2BA7C6C4003F146D /* GettingStartedApp.swift in Sources */,
				F29C28542BA86909003F146D /* NotesService.swift in Sources */,
				F29C285C2BA86C5D003F146D /* RemoteImage.swift in Sources */,
				F29C284B2BA7DCCA003F146D /* AuthenticationService.swift in Sources */,
				F29C28402BA7C747003F146D /* NoteView.swift in Sources */,
				F29C283E2BA7C72E003F146D /* NotesView.swift in Sources */,
				C50D8DD761FAAC0DA81F9EA3 /* AmplifyModels.swift in Sources */,
				1B1163DC6CCB70EF3A4FEDAF /* Note+Schema.swift in Sources */,
				C343121BD1329958F84F5910 /* Note.swift in Sources */,
			);
			runOnlyForDeploymentPostprocessing = 0;
		};
/* End PBXSourcesBuildPhase section */

/* Begin XCBuildConfiguration section */
		F29C28342BA7C6C6003F146D /* Debug */ = {
			isa = XCBuildConfiguration;
			buildSettings = {
				ALWAYS_SEARCH_USER_PATHS = NO;
				ASSETCATALOG_COMPILER_GENERATE_SWIFT_ASSET_SYMBOL_EXTENSIONS = YES;
				CLANG_ANALYZER_NONNULL = YES;
				CLANG_ANALYZER_NUMBER_OBJECT_CONVERSION = YES_AGGRESSIVE;
				CLANG_CXX_LANGUAGE_STANDARD = "gnu++20";
				CLANG_ENABLE_MODULES = YES;
				CLANG_ENABLE_OBJC_ARC = YES;
				CLANG_ENABLE_OBJC_WEAK = YES;
				CLANG_WARN_BLOCK_CAPTURE_AUTORELEASING = YES;
				CLANG_WARN_BOOL_CONVERSION = YES;
				CLANG_WARN_COMMA = YES;
				CLANG_WARN_CONSTANT_CONVERSION = YES;
				CLANG_WARN_DEPRECATED_OBJC_IMPLEMENTATIONS = YES;
				CLANG_WARN_DIRECT_OBJC_ISA_USAGE = YES_ERROR;
				CLANG_WARN_DOCUMENTATION_COMMENTS = YES;
				CLANG_WARN_EMPTY_BODY = YES;
				CLANG_WARN_ENUM_CONVERSION = YES;
				CLANG_WARN_INFINITE_RECURSION = YES;
				CLANG_WARN_INT_CONVERSION = YES;
				CLANG_WARN_NON_LITERAL_NULL_CONVERSION = YES;
				CLANG_WARN_OBJC_IMPLICIT_RETAIN_SELF = YES;
				CLANG_WARN_OBJC_LITERAL_CONVERSION = YES;
				CLANG_WARN_OBJC_ROOT_CLASS = YES_ERROR;
				CLANG_WARN_QUOTED_INCLUDE_IN_FRAMEWORK_HEADER = YES;
				CLANG_WARN_RANGE_LOOP_ANALYSIS = YES;
				CLANG_WARN_STRICT_PROTOTYPES = YES;
				CLANG_WARN_SUSPICIOUS_MOVE = YES;
				CLANG_WARN_UNGUARDED_AVAILABILITY = YES_AGGRESSIVE;
				CLANG_WARN_UNREACHABLE_CODE = YES;
				CLANG_WARN__DUPLICATE_METHOD_MATCH = YES;
				COPY_PHASE_STRIP = NO;
				DEBUG_INFORMATION_FORMAT = dwarf;
				ENABLE_STRICT_OBJC_MSGSEND = YES;
				ENABLE_TESTABILITY = YES;
				ENABLE_USER_SCRIPT_SANDBOXING = YES;
				GCC_C_LANGUAGE_STANDARD = gnu17;
				GCC_DYNAMIC_NO_PIC = NO;
				GCC_NO_COMMON_BLOCKS = YES;
				GCC_OPTIMIZATION_LEVEL = 0;
				GCC_PREPROCESSOR_DEFINITIONS = (
					"DEBUG=1",
					"$(inherited)",
				);
				GCC_WARN_64_TO_32_BIT_CONVERSION = YES;
				GCC_WARN_ABOUT_RETURN_TYPE = YES_ERROR;
				GCC_WARN_UNDECLARED_SELECTOR = YES;
				GCC_WARN_UNINITIALIZED_AUTOS = YES_AGGRESSIVE;
				GCC_WARN_UNUSED_FUNCTION = YES;
				GCC_WARN_UNUSED_VARIABLE = YES;
				IPHONEOS_DEPLOYMENT_TARGET = 17.2;
				LOCALIZATION_PREFERS_STRING_CATALOGS = YES;
				MTL_ENABLE_DEBUG_INFO = INCLUDE_SOURCE;
				MTL_FAST_MATH = YES;
				ONLY_ACTIVE_ARCH = YES;
				SDKROOT = iphoneos;
				SWIFT_ACTIVE_COMPILATION_CONDITIONS = "DEBUG $(inherited)";
				SWIFT_OPTIMIZATION_LEVEL = "-Onone";
			};
			name = Debug;
		};
		F29C28352BA7C6C6003F146D /* Release */ = {
			isa = XCBuildConfiguration;
			buildSettings = {
				ALWAYS_SEARCH_USER_PATHS = NO;
				ASSETCATALOG_COMPILER_GENERATE_SWIFT_ASSET_SYMBOL_EXTENSIONS = YES;
				CLANG_ANALYZER_NONNULL = YES;
				CLANG_ANALYZER_NUMBER_OBJECT_CONVERSION = YES_AGGRESSIVE;
				CLANG_CXX_LANGUAGE_STANDARD = "gnu++20";
				CLANG_ENABLE_MODULES = YES;
				CLANG_ENABLE_OBJC_ARC = YES;
				CLANG_ENABLE_OBJC_WEAK = YES;
				CLANG_WARN_BLOCK_CAPTURE_AUTORELEASING = YES;
				CLANG_WARN_BOOL_CONVERSION = YES;
				CLANG_WARN_COMMA = YES;
				CLANG_WARN_CONSTANT_CONVERSION = YES;
				CLANG_WARN_DEPRECATED_OBJC_IMPLEMENTATIONS = YES;
				CLANG_WARN_DIRECT_OBJC_ISA_USAGE = YES_ERROR;
				CLANG_WARN_DOCUMENTATION_COMMENTS = YES;
				CLANG_WARN_EMPTY_BODY = YES;
				CLANG_WARN_ENUM_CONVERSION = YES;
				CLANG_WARN_INFINITE_RECURSION = YES;
				CLANG_WARN_INT_CONVERSION = YES;
				CLANG_WARN_NON_LITERAL_NULL_CONVERSION = YES;
				CLANG_WARN_OBJC_IMPLICIT_RETAIN_SELF = YES;
				CLANG_WARN_OBJC_LITERAL_CONVERSION = YES;
				CLANG_WARN_OBJC_ROOT_CLASS = YES_ERROR;
				CLANG_WARN_QUOTED_INCLUDE_IN_FRAMEWORK_HEADER = YES;
				CLANG_WARN_RANGE_LOOP_ANALYSIS = YES;
				CLANG_WARN_STRICT_PROTOTYPES = YES;
				CLANG_WARN_SUSPICIOUS_MOVE = YES;
				CLANG_WARN_UNGUARDED_AVAILABILITY = YES_AGGRESSIVE;
				CLANG_WARN_UNREACHABLE_CODE = YES;
				CLANG_WARN__DUPLICATE_METHOD_MATCH = YES;
				COPY_PHASE_STRIP = NO;
				DEBUG_INFORMATION_FORMAT = "dwarf-with-dsym";
				ENABLE_NS_ASSERTIONS = NO;
				ENABLE_STRICT_OBJC_MSGSEND = YES;
				ENABLE_USER_SCRIPT_SANDBOXING = YES;
				GCC_C_LANGUAGE_STANDARD = gnu17;
				GCC_NO_COMMON_BLOCKS = YES;
				GCC_WARN_64_TO_32_BIT_CONVERSION = YES;
				GCC_WARN_ABOUT_RETURN_TYPE = YES_ERROR;
				GCC_WARN_UNDECLARED_SELECTOR = YES;
				GCC_WARN_UNINITIALIZED_AUTOS = YES_AGGRESSIVE;
				GCC_WARN_UNUSED_FUNCTION = YES;
				GCC_WARN_UNUSED_VARIABLE = YES;
				IPHONEOS_DEPLOYMENT_TARGET = 17.2;
				LOCALIZATION_PREFERS_STRING_CATALOGS = YES;
				MTL_ENABLE_DEBUG_INFO = NO;
				MTL_FAST_MATH = YES;
				SDKROOT = iphoneos;
				SWIFT_COMPILATION_MODE = wholemodule;
				VALIDATE_PRODUCT = YES;
			};
			name = Release;
		};
		F29C28372BA7C6C6003F146D /* Debug */ = {
			isa = XCBuildConfiguration;
			buildSettings = {
				ASSETCATALOG_COMPILER_APPICON_NAME = AppIcon;
				ASSETCATALOG_COMPILER_GLOBAL_ACCENT_COLOR_NAME = AccentColor;
				CODE_SIGN_STYLE = Automatic;
				CURRENT_PROJECT_VERSION = 1;
				DEVELOPMENT_ASSET_PATHS = "\"GettingStarted/Preview Content\"";
				DEVELOPMENT_TEAM = M46W996KF7;
				ENABLE_PREVIEWS = YES;
				GENERATE_INFOPLIST_FILE = YES;
				INFOPLIST_FILE = GettingStarted/Info.plist;
				INFOPLIST_KEY_UIApplicationSceneManifest_Generation = YES;
				INFOPLIST_KEY_UIApplicationSupportsIndirectInputEvents = YES;
				INFOPLIST_KEY_UILaunchScreen_Generation = YES;
				INFOPLIST_KEY_UISupportedInterfaceOrientations_iPad = "UIInterfaceOrientationPortrait UIInterfaceOrientationPortraitUpsideDown UIInterfaceOrientationLandscapeLeft UIInterfaceOrientationLandscapeRight";
				INFOPLIST_KEY_UISupportedInterfaceOrientations_iPhone = "UIInterfaceOrientationPortrait UIInterfaceOrientationLandscapeLeft UIInterfaceOrientationLandscapeRight";
				LD_RUNPATH_SEARCH_PATHS = (
					"$(inherited)",
					"@executable_path/Frameworks",
				);
				MARKETING_VERSION = 1.0;
				PRODUCT_BUNDLE_IDENTIFIER = com.wt.GettingStarted;
				PRODUCT_NAME = "$(TARGET_NAME)";
				SWIFT_EMIT_LOC_STRINGS = YES;
				SWIFT_VERSION = 5.0;
				TARGETED_DEVICE_FAMILY = "1,2";
			};
			name = Debug;
		};
		F29C28382BA7C6C6003F146D /* Release */ = {
			isa = XCBuildConfiguration;
			buildSettings = {
				ASSETCATALOG_COMPILER_APPICON_NAME = AppIcon;
				ASSETCATALOG_COMPILER_GLOBAL_ACCENT_COLOR_NAME = AccentColor;
				CODE_SIGN_STYLE = Automatic;
				CURRENT_PROJECT_VERSION = 1;
				DEVELOPMENT_ASSET_PATHS = "\"GettingStarted/Preview Content\"";
				DEVELOPMENT_TEAM = M46W996KF7;
				ENABLE_PREVIEWS = YES;
				GENERATE_INFOPLIST_FILE = YES;
				INFOPLIST_FILE = GettingStarted/Info.plist;
				INFOPLIST_KEY_UIApplicationSceneManifest_Generation = YES;
				INFOPLIST_KEY_UIApplicationSupportsIndirectInputEvents = YES;
				INFOPLIST_KEY_UILaunchScreen_Generation = YES;
				INFOPLIST_KEY_UISupportedInterfaceOrientations_iPad = "UIInterfaceOrientationPortrait UIInterfaceOrientationPortraitUpsideDown UIInterfaceOrientationLandscapeLeft UIInterfaceOrientationLandscapeRight";
				INFOPLIST_KEY_UISupportedInterfaceOrientations_iPhone = "UIInterfaceOrientationPortrait UIInterfaceOrientationLandscapeLeft UIInterfaceOrientationLandscapeRight";
				LD_RUNPATH_SEARCH_PATHS = (
					"$(inherited)",
					"@executable_path/Frameworks",
				);
				MARKETING_VERSION = 1.0;
				PRODUCT_BUNDLE_IDENTIFIER = com.wt.GettingStarted;
				PRODUCT_NAME = "$(TARGET_NAME)";
				SWIFT_EMIT_LOC_STRINGS = YES;
				SWIFT_VERSION = 5.0;
				TARGETED_DEVICE_FAMILY = "1,2";
			};
			name = Release;
		};
/* End XCBuildConfiguration section */

/* Begin XCConfigurationList section */
		F29C28232BA7C6C4003F146D /* Build configuration list for PBXProject "GettingStarted" */ = {
			isa = XCConfigurationList;
			buildConfigurations = (
				F29C28342BA7C6C6003F146D /* Debug */,
				F29C28352BA7C6C6003F146D /* Release */,
			);
			defaultConfigurationIsVisible = 0;
			defaultConfigurationName = Release;
		};
		F29C28362BA7C6C6003F146D /* Build configuration list for PBXNativeTarget "GettingStarted" */ = {
			isa = XCConfigurationList;
			buildConfigurations = (
				F29C28372BA7C6C6003F146D /* Debug */,
				F29C28382BA7C6C6003F146D /* Release */,
			);
			defaultConfigurationIsVisible = 0;
			defaultConfigurationName = Release;
		};
/* End XCConfigurationList section */

/* Begin XCRemoteSwiftPackageReference section */
		F29C28432BA7D44B003F146D /* XCRemoteSwiftPackageReference "amplify-swift" */ = {
			isa = XCRemoteSwiftPackageReference;
			repositoryURL = "https://github.com/aws-amplify/amplify-swift";
			requirement = {
				kind = upToNextMajorVersion;
				minimumVersion = 2.27.2;
			};
		};
/* End XCRemoteSwiftPackageReference section */

/* Begin XCSwiftPackageProductDependency section */
		F29C28442BA7D44B003F146D /* Amplify */ = {
			isa = XCSwiftPackageProductDependency;
			package = F29C28432BA7D44B003F146D /* XCRemoteSwiftPackageReference "amplify-swift" */;
			productName = Amplify;
		};
		F29C28472BA7DC72003F146D /* AWSCognitoAuthPlugin */ = {
			isa = XCSwiftPackageProductDependency;
			package = F29C28432BA7D44B003F146D /* XCRemoteSwiftPackageReference "amplify-swift" */;
			productName = AWSCognitoAuthPlugin;
		};
		F29C28512BA867BB003F146D /* AWSAPIPlugin */ = {
			isa = XCSwiftPackageProductDependency;
			package = F29C28432BA7D44B003F146D /* XCRemoteSwiftPackageReference "amplify-swift" */;
			productName = AWSAPIPlugin;
		};
		F29C28572BA86BCD003F146D /* AWSS3StoragePlugin */ = {
			isa = XCSwiftPackageProductDependency;
			package = F29C28432BA7D44B003F146D /* XCRemoteSwiftPackageReference "amplify-swift" */;
			productName = AWSS3StoragePlugin;
		};
/* End XCSwiftPackageProductDependency section */
	};
	rootObject = F29C28202BA7C6C4003F146D /* Project object */;
}
